
Microsoft Visual Studio Solution File, Format Version 12.00
# Visual Studio Version 16
VisualStudioVersion = 16.0.810.16
MinimumVisualStudioVersion = 10.0.40219.1
Project("{FAE04EC0-301F-11D3-BF4B-00C04F79EFBC}") = "Mission02", "Mission02\Mission02.csproj", "{D5EF785A-77FA-49BA-83C7-BF07544D6B92}"
EndProject
Global
	GlobalSection(SolutionConfigurationPlatforms) = preSolution
		Debug|Any CPU = Debug|Any CPU
		Release|Any CPU = Release|Any CPU
	EndGlobalSection
	GlobalSection(ProjectConfigurationPlatforms) = postSolution
		{D5EF785A-77FA-49BA-83C7-BF07544D6B92}.Debug|Any CPU.ActiveCfg = Debug|Any CPU
		{D5EF785A-77FA-49BA-83C7-BF07544D6B92}.Debug|Any CPU.Build.0 = Debug|Any CPU
		{D5EF785A-77FA-49BA-83C7-BF07544D6B92}.Release|Any CPU.ActiveCfg = Release|Any CPU
		{D5EF785A-77FA-49BA-83C7-BF07544D6B92}.Release|Any CPU.Build.0 = Release|Any CPU
	EndGlobalSection
	GlobalSection(SolutionProperties) = preSolution
		HideSolutionNode = FALSE
	EndGlobalSection
	GlobalSection(ExtensibilityGlobals) = postSolution
		SolutionGuid = {A5A10B7F-2F90-4596-8653-AD3EB364FFE4}
	EndGlobalSection
EndGlobal
